{
  "version": 4,
  "terraform_version": "1.7.3",
  "serial": 5,
  "lineage": "a4d6baa7-d676-912d-d68e-114bc6a184bf",
  "outputs": {},
  "resources": [
    {
      "mode": "managed",
      "type": "aws_vpc",
      "name": "challenge1vpc",
      "provider": "provider[\"registry.terraform.io/hashicorp/aws\"]",
      "instances": [
        {
          "schema_version": 1,
          "attributes": {
            "arn": "arn:aws:ec2:us-east-2:851725307185:vpc/vpc-06104a0c5a15d5a09",
            "assign_generated_ipv6_cidr_block": false,
            "cidr_block": "192.168.0.0/24",
            "default_network_acl_id": "acl-049ef9e8b1c197de5",
            "default_route_table_id": "rtb-06baece6dbaca04ca",
            "default_security_group_id": "sg-09db47dc7fa3099c1",
            "dhcp_options_id": "dopt-057d5c467cc029f88",
            "enable_dns_hostnames": false,
            "enable_dns_support": true,
            "enable_network_address_usage_metrics": false,
            "id": "vpc-06104a0c5a15d5a09",
            "instance_tenancy": "default",
            "ipv4_ipam_pool_id": null,
            "ipv4_netmask_length": null,
            "ipv6_association_id": "",
            "ipv6_cidr_block": "",
            "ipv6_cidr_block_network_border_group": "",
            "ipv6_ipam_pool_id": "",
            "ipv6_netmask_length": 0,
            "main_route_table_id": "rtb-06baece6dbaca04ca",
            "owner_id": "851725307185",
            "tags": {
              "Name": "TerraformVPC"
            },
            "tags_all": {
              "Name": "TerraformVPC"
            }
          },
          "sensitive_attributes": [],
          "private": "eyJzY2hlbWFfdmVyc2lvbiI6IjEifQ=="
        }
      ]
    }
  ],
  "check_results": null
}
